
Microsoft Visual Studio Solution File, Format Version 12.00
# Visual Studio Version 16
VisualStudioVersion = 16.0.30907.101
MinimumVisualStudioVersion = 10.0.40219.1
Project("{FAE04EC0-301F-11D3-BF4B-00C04F79EFBC}") = "University", "University.csproj", "{D8788985-CDAF-49A9-97A2-D2B7B4F340FA}"
EndProject
Global
	GlobalSection(SolutionConfigurationPlatforms) = preSolution
		Debug|Any CPU = Debug|Any CPU
		Release|Any CPU = Release|Any CPU
	EndGlobalSection
	GlobalSection(ProjectConfigurationPlatforms) = postSolution
		{D8788985-CDAF-49A9-97A2-D2B7B4F340FA}.Debug|Any CPU.ActiveCfg = Debug|Any CPU
		{D8788985-CDAF-49A9-97A2-D2B7B4F340FA}.Debug|Any CPU.Build.0 = Debug|Any CPU
		{D8788985-CDAF-49A9-97A2-D2B7B4F340FA}.Release|Any CPU.ActiveCfg = Release|Any CPU
		{D8788985-CDAF-49A9-97A2-D2B7B4F340FA}.Release|Any CPU.Build.0 = Release|Any CPU
	EndGlobalSection
	GlobalSection(SolutionProperties) = preSolution
		HideSolutionNode = FALSE
	EndGlobalSection
	GlobalSection(ExtensibilityGlobals) = postSolution
		SolutionGuid = {D890F812-26BA-470F-8AA9-99798A520BEA}
	EndGlobalSection
EndGlobal
